
Microsoft Visual Studio Solution File, Format Version 12.00
# Visual Studio 15
VisualStudioVersion = 15.0.27703.2047
MinimumVisualStudioVersion = 10.0.40219.1
Project("{FAE04EC0-301F-11D3-BF4B-00C04F79EFBC}") = "Exercise2A-SumOfNumbers", "Exercise2A\Exercise2A-SumOfNumbers.csproj", "{B7A3447D-833C-4400-BF4B-C93ABC4A248B}"
EndProject
Project("{FAE04EC0-301F-11D3-BF4B-00C04F79EFBC}") = "Exercise2A-AverageTenScores", "Exercise2A-AverageTenScores\Exercise2A-AverageTenScores.csproj", "{9951DEF0-FD2F-4CA0-807B-20A63FB93B8F}"
EndProject
Global
	GlobalSection(SolutionConfigurationPlatforms) = preSolution
		Debug|Any CPU = Debug|Any CPU
		Release|Any CPU = Release|Any CPU
	EndGlobalSection
	GlobalSection(ProjectConfigurationPlatforms) = postSolution
		{B7A3447D-833C-4400-BF4B-C93ABC4A248B}.Debug|Any CPU.ActiveCfg = Debug|Any CPU
		{B7A3447D-833C-4400-BF4B-C93ABC4A248B}.Debug|Any CPU.Build.0 = Debug|Any CPU
		{B7A3447D-833C-4400-BF4B-C93ABC4A248B}.Release|Any CPU.ActiveCfg = Release|Any CPU
		{B7A3447D-833C-4400-BF4B-C93ABC4A248B}.Release|Any CPU.Build.0 = Release|Any CPU
		{9951DEF0-FD2F-4CA0-807B-20A63FB93B8F}.Debug|Any CPU.ActiveCfg = Debug|Any CPU
		{9951DEF0-FD2F-4CA0-807B-20A63FB93B8F}.Debug|Any CPU.Build.0 = Debug|Any CPU
		{9951DEF0-FD2F-4CA0-807B-20A63FB93B8F}.Release|Any CPU.ActiveCfg = Release|Any CPU
		{9951DEF0-FD2F-4CA0-807B-20A63FB93B8F}.Release|Any CPU.Build.0 = Release|Any CPU
	EndGlobalSection
	GlobalSection(SolutionProperties) = preSolution
		HideSolutionNode = FALSE
	EndGlobalSection
	GlobalSection(ExtensibilityGlobals) = postSolution
		SolutionGuid = {A6E1910A-C6DB-4EC0-8DA6-C565CD47A43C}
	EndGlobalSection
EndGlobal
